{
  "name": "final-assignment-1530",
  "version": "1.0.0",
  "lockfileVersion": 1,
  "requires": true,
  "dependencies": {
    "minireset.css": {
      "version": "0.0.4",
      "resolved": "https://registry.npmjs.org/minireset.css/-/minireset.css-0.0.4.tgz",
      "integrity": "sha512-G8tD/ZCIOEoZubKyhL+dg25T6EgO08RUmSHzB4U6WJe1NuxmmO+xTNviacRYN2z/rozRRVE7kmafe+9ANYuP3A=="
    }
  }
}
